// !$*UTF8*$!
{
	archiveVersion = 1;
	classes = {
	};
	objectVersion = 46;
	objects = {

/* Begin PBXBuildFile section */
		0C8EC0021FAF162900D8B6E3 /* AppDelegate.swift in Sources */ = {isa = PBXBuildFile; fileRef = 0C8EC0011FAF162900D8B6E3 /* AppDelegate.swift */; };
		0C8EC0041FAF162900D8B6E3 /* WeatherVC.swift in Sources */ = {isa = PBXBuildFile; fileRef = 0C8EC0031FAF162900D8B6E3 /* WeatherVC.swift */; };
		0C8EC0071FAF162900D8B6E3 /* Main.storyboard in Resources */ = {isa = PBXBuildFile; fileRef = 0C8EC0051FAF162900D8B6E3 /* Main.storyboard */; };
		0C8EC0091FAF162900D8B6E3 /* Assets.xcassets in Resources */ = {isa = PBXBuildFile; fileRef = 0C8EC0081FAF162900D8B6E3 /* Assets.xcassets */; };
		0C8EC00C1FAF162900D8B6E3 /* LaunchScreen.storyboard in Resources */ = {isa = PBXBuildFile; fileRef = 0C8EC00A1FAF162900D8B6E3 /* LaunchScreen.storyboard */; };
		0C8EC0171FAF162900D8B6E3 /* rainyshinycloudyTests.swift in Sources */ = {isa = PBXBuildFile; fileRef = 0C8EC0161FAF162900D8B6E3 /* rainyshinycloudyTests.swift */; };
		0C8EC0221FAF162A00D8B6E3 /* rainyshinycloudyUITests.swift in Sources */ = {isa = PBXBuildFile; fileRef = 0C8EC0211FAF162A00D8B6E3 /* rainyshinycloudyUITests.swift */; };
		17576BB41FCC133E00B151CA /* Constants.swift in Sources */ = {isa = PBXBuildFile; fileRef = 17576BB31FCC133E00B151CA /* Constants.swift */; };
		17576BB61FCC1DE300B151CA /* CurrentWeather.swift in Sources */ = {isa = PBXBuildFile; fileRef = 17576BB51FCC1DE300B151CA /* CurrentWeather.swift */; };
		178981101FD500D5004FF26E /* Forecast.swift in Sources */ = {isa = PBXBuildFile; fileRef = 1789810F1FD500D5004FF26E /* Forecast.swift */; };
		7240A706E4EF27B1193EA7A3 /* Pods_rainyshinycloudyTests.framework in Frameworks */ = {isa = PBXBuildFile; fileRef = E36E06525CFDD52FF9480E39 /* Pods_rainyshinycloudyTests.framework */; };
		E837B6E62601B118D2B2B31B /* Pods_rainyshinycloudy.framework in Frameworks */ = {isa = PBXBuildFile; fileRef = 6FD81CF65654656D78674909 /* Pods_rainyshinycloudy.framework */; };
		FF4AA4502470ED627C207F2A /* Pods_rainyshinycloudyUITests.framework in Frameworks */ = {isa = PBXBuildFile; fileRef = 95AA8D8BB197A70206971FAC /* Pods_rainyshinycloudyUITests.framework */; };
/* End PBXBuildFile section */

/* Begin PBXContainerItemProxy section */
		0C8EC0131FAF162900D8B6E3 /* PBXContainerItemProxy */ = {
			isa = PBXContainerItemProxy;
			containerPortal = 0C8EBFF61FAF162900D8B6E3 /* Project object */;
			proxyType = 1;
			remoteGlobalIDString = 0C8EBFFD1FAF162900D8B6E3;
			remoteInfo = rainyshinycloudy;
		};
		0C8EC01E1FAF162900D8B6E3 /* PBXContainerItemProxy */ = {
			isa = PBXContainerItemProxy;
			containerPortal = 0C8EBFF61FAF162900D8B6E3 /* Project object */;
			proxyType = 1;
			remoteGlobalIDString = 0C8EBFFD1FAF162900D8B6E3;
			remoteInfo = rainyshinycloudy;
		};
/* End PBXContainerItemProxy section */

/* Begin PBXFileReference section */
		0C8EBFFE1FAF162900D8B6E3 /* rainyshinycloudy.app */ = {isa = PBXFileReference; explicitFileType = wrapper.application; includeInIndex = 0; path = rainyshinycloudy.app; sourceTree = BUILT_PRODUCTS_DIR; };
		0C8EC0011FAF162900D8B6E3 /* AppDelegate.swift */ = {isa = PBXFileReference; lastKnownFileType = sourcecode.swift; path = AppDelegate.swift; sourceTree = "<group>"; };
		0C8EC0031FAF162900D8B6E3 /* WeatherVC.swift */ = {isa = PBXFileReference; lastKnownFileType = sourcecode.swift; path = WeatherVC.swift; sourceTree = "<group>"; };
		0C8EC0061FAF162900D8B6E3 /* Base */ = {isa = PBXFileReference; lastKnownFileType = file.storyboard; name = Base; path = Base.lproj/Main.storyboard; sourceTree = "<group>"; };
		0C8EC0081FAF162900D8B6E3 /* Assets.xcassets */ = {isa = PBXFileReference; lastKnownFileType = folder.assetcatalog; path = Assets.xcassets; sourceTree = "<group>"; };
		0C8EC00B1FAF162900D8B6E3 /* Base */ = {isa = PBXFileReference; lastKnownFileType = file.storyboard; name = Base; path = Base.lproj/LaunchScreen.storyboard; sourceTree = "<group>"; };
		0C8EC00D1FAF162900D8B6E3 /* Info.plist */ = {isa = PBXFileReference; lastKnownFileType = text.plist.xml; path = Info.plist; sourceTree = "<group>"; };
		0C8EC0121FAF162900D8B6E3 /* rainyshinycloudyTests.xctest */ = {isa = PBXFileReference; explicitFileType = wrapper.cfbundle; includeInIndex = 0; path = rainyshinycloudyTests.xctest; sourceTree = BUILT_PRODUCTS_DIR; };
		0C8EC0161FAF162900D8B6E3 /* rainyshinycloudyTests.swift */ = {isa = PBXFileReference; lastKnownFileType = sourcecode.swift; path = rainyshinycloudyTests.swift; sourceTree = "<group>"; };
		0C8EC0181FAF162900D8B6E3 /* Info.plist */ = {isa = PBXFileReference; lastKnownFileType = text.plist.xml; path = Info.plist; sourceTree = "<group>"; };
		0C8EC01D1FAF162900D8B6E3 /* rainyshinycloudyUITests.xctest */ = {isa = PBXFileReference; explicitFileType = wrapper.cfbundle; includeInIndex = 0; path = rainyshinycloudyUITests.xctest; sourceTree = BUILT_PRODUCTS_DIR; };
		0C8EC0211FAF162A00D8B6E3 /* rainyshinycloudyUITests.swift */ = {isa = PBXFileReference; lastKnownFileType = sourcecode.swift; path = rainyshinycloudyUITests.swift; sourceTree = "<group>"; };
		0C8EC0231FAF162A00D8B6E3 /* Info.plist */ = {isa = PBXFileReference; lastKnownFileType = text.plist.xml; path = Info.plist; sourceTree = "<group>"; };
		17576BB31FCC133E00B151CA /* Constants.swift */ = {isa = PBXFileReference; fileEncoding = 4; lastKnownFileType = sourcecode.swift; path = Constants.swift; sourceTree = "<group>"; };
		17576BB51FCC1DE300B151CA /* CurrentWeather.swift */ = {isa = PBXFileReference; fileEncoding = 4; lastKnownFileType = sourcecode.swift; path = CurrentWeather.swift; sourceTree = "<group>"; };
		1789810F1FD500D5004FF26E /* Forecast.swift */ = {isa = PBXFileReference; fileEncoding = 4; lastKnownFileType = sourcecode.swift; path = Forecast.swift; sourceTree = "<group>"; };
		1B7CA63EC46DD8FFE00E89F5 /* Pods-rainyshinycloudyTests.debug.xcconfig */ = {isa = PBXFileReference; includeInIndex = 1; lastKnownFileType = text.xcconfig; name = "Pods-rainyshinycloudyTests.debug.xcconfig"; path = "Pods/Target Support Files/Pods-rainyshinycloudyTests/Pods-rainyshinycloudyTests.debug.xcconfig"; sourceTree = "<group>"; };
		34B34438E0DCAEC4DBB37991 /* Pods-rainyshinycloudy.debug.xcconfig */ = {isa = PBXFileReference; includeInIndex = 1; lastKnownFileType = text.xcconfig; name = "Pods-rainyshinycloudy.debug.xcconfig"; path = "Pods/Target Support Files/Pods-rainyshinycloudy/Pods-rainyshinycloudy.debug.xcconfig"; sourceTree = "<group>"; };
		6FD81CF65654656D78674909 /* Pods_rainyshinycloudy.framework */ = {isa = PBXFileReference; explicitFileType = wrapper.framework; includeInIndex = 0; path = Pods_rainyshinycloudy.framework; sourceTree = BUILT_PRODUCTS_DIR; };
		95AA8D8BB197A70206971FAC /* Pods_rainyshinycloudyUITests.framework */ = {isa = PBXFileReference; explicitFileType = wrapper.framework; includeInIndex = 0; path = Pods_rainyshinycloudyUITests.framework; sourceTree = BUILT_PRODUCTS_DIR; };
		D0E27C3D51E8863C840D28C1 /* Pods-rainyshinycloudyUITests.debug.xcconfig */ = {isa = PBXFileReference; includeInIndex = 1; lastKnownFileType = text.xcconfig; name = "Pods-rainyshinycloudyUITests.debug.xcconfig"; path = "Pods/Target Support Files/Pods-rainyshinycloudyUITests/Pods-rainyshinycloudyUITests.debug.xcconfig"; sourceTree = "<group>"; };
		D198601EA31247E2CD531FAC /* Pods-rainyshinycloudyTests.release.xcconfig */ = {isa = PBXFileReference; includeInIndex = 1; lastKnownFileType = text.xcconfig; name = "Pods-rainyshinycloudyTests.release.xcconfig"; path = "Pods/Target Support Files/Pods-rainyshinycloudyTests/Pods-rainyshinycloudyTests.release.xcconfig"; sourceTree = "<group>"; };
		E36E06525CFDD52FF9480E39 /* Pods_rainyshinycloudyTests.framework */ = {isa = PBXFileReference; explicitFileType = wrapper.framework; includeInIndex = 0; path = Pods_rainyshinycloudyTests.framework; sourceTree = BUILT_PRODUCTS_DIR; };
		F659FD1675898F0CFD330772 /* Pods-rainyshinycloudyUITests.release.xcconfig */ = {isa = PBXFileReference; includeInIndex = 1; lastKnownFileType = text.xcconfig; name = "Pods-rainyshinycloudyUITests.release.xcconfig"; path = "Pods/Target Support Files/Pods-rainyshinycloudyUITests/Pods-rainyshinycloudyUITests.release.xcconfig"; sourceTree = "<group>"; };
		FAD22A3832B1310BF9B4FF91 /* Pods-rainyshinycloudy.release.xcconfig */ = {isa = PBXFileReference; includeInIndex = 1; lastKnownFileType = text.xcconfig; name = "Pods-rainyshinycloudy.release.xcconfig"; path = "Pods/Target Support Files/Pods-rainyshinycloudy/Pods-rainyshinycloudy.release.xcconfig"; sourceTree = "<group>"; };
/* End PBXFileReference section */

/* Begin PBXFrameworksBuildPhase section */
		0C8EBFFB1FAF162900D8B6E3 /* Frameworks */ = {
			isa = PBXFrameworksBuildPhase;
			buildActionMask = 2147483647;
			files = (
				E837B6E62601B118D2B2B31B /* Pods_rainyshinycloudy.framework in Frameworks */,
			);
			runOnlyForDeploymentPostprocessing = 0;
		};
		0C8EC00F1FAF162900D8B6E3 /* Frameworks */ = {
			isa = PBXFrameworksBuildPhase;
			buildActionMask = 2147483647;
			files = (
				7240A706E4EF27B1193EA7A3 /* Pods_rainyshinycloudyTests.framework in Frameworks */,
			);
			runOnlyForDeploymentPostprocessing = 0;
		};
		0C8EC01A1FAF162900D8B6E3 /* Frameworks */ = {
			isa = PBXFrameworksBuildPhase;
			buildActionMask = 2147483647;
			files = (
				FF4AA4502470ED627C207F2A /* Pods_rainyshinycloudyUITests.framework in Frameworks */,
			);
			runOnlyForDeploymentPostprocessing = 0;
		};
/* End PBXFrameworksBuildPhase section */

/* Begin PBXGroup section */
		0C8EBFF51FAF162900D8B6E3 = {
			isa = PBXGroup;
			children = (
				0C8EC0001FAF162900D8B6E3 /* rainyshinycloudy */,
				0C8EC0151FAF162900D8B6E3 /* rainyshinycloudyTests */,
				0C8EC0201FAF162A00D8B6E3 /* rainyshinycloudyUITests */,
				0C8EBFFF1FAF162900D8B6E3 /* Products */,
				3F5196775FAC63A3F0524D06 /* Pods */,
				6CA81906B9D3490232B4E73F /* Frameworks */,
			);
			sourceTree = "<group>";
		};
		0C8EBFFF1FAF162900D8B6E3 /* Products */ = {
			isa = PBXGroup;
			children = (
				0C8EBFFE1FAF162900D8B6E3 /* rainyshinycloudy.app */,
				0C8EC0121FAF162900D8B6E3 /* rainyshinycloudyTests.xctest */,
				0C8EC01D1FAF162900D8B6E3 /* rainyshinycloudyUITests.xctest */,
			);
			name = Products;
			sourceTree = "<group>";
		};
		0C8EC0001FAF162900D8B6E3 /* rainyshinycloudy */ = {
			isa = PBXGroup;
			children = (
				0C8EC0011FAF162900D8B6E3 /* AppDelegate.swift */,
				0C8EC0031FAF162900D8B6E3 /* WeatherVC.swift */,
				0C8EC0051FAF162900D8B6E3 /* Main.storyboard */,
				0C8EC0081FAF162900D8B6E3 /* Assets.xcassets */,
				0C8EC00A1FAF162900D8B6E3 /* LaunchScreen.storyboard */,
				0C8EC00D1FAF162900D8B6E3 /* Info.plist */,
				17576BB31FCC133E00B151CA /* Constants.swift */,
				17576BB51FCC1DE300B151CA /* CurrentWeather.swift */,
				1789810F1FD500D5004FF26E /* Forecast.swift */,
			);
			path = rainyshinycloudy;
			sourceTree = "<group>";
		};
		0C8EC0151FAF162900D8B6E3 /* rainyshinycloudyTests */ = {
			isa = PBXGroup;
			children = (
				0C8EC0161FAF162900D8B6E3 /* rainyshinycloudyTests.swift */,
				0C8EC0181FAF162900D8B6E3 /* Info.plist */,
			);
			path = rainyshinycloudyTests;
			sourceTree = "<group>";
		};
		0C8EC0201FAF162A00D8B6E3 /* rainyshinycloudyUITests */ = {
			isa = PBXGroup;
			children = (
				0C8EC0211FAF162A00D8B6E3 /* rainyshinycloudyUITests.swift */,
				0C8EC0231FAF162A00D8B6E3 /* Info.plist */,
			);
			path = rainyshinycloudyUITests;
			sourceTree = "<group>";
		};
		3F5196775FAC63A3F0524D06 /* Pods */ = {
			isa = PBXGroup;
			children = (
				34B34438E0DCAEC4DBB37991 /* Pods-rainyshinycloudy.debug.xcconfig */,
				FAD22A3832B1310BF9B4FF91 /* Pods-rainyshinycloudy.release.xcconfig */,
				1B7CA63EC46DD8FFE00E89F5 /* Pods-rainyshinycloudyTests.debug.xcconfig */,
				D198601EA31247E2CD531FAC /* Pods-rainyshinycloudyTests.release.xcconfig */,
				D0E27C3D51E8863C840D28C1 /* Pods-rainyshinycloudyUITests.debug.xcconfig */,
				F659FD1675898F0CFD330772 /* Pods-rainyshinycloudyUITests.release.xcconfig */,
			);
			name = Pods;
			sourceTree = "<group>";
		};
		6CA81906B9D3490232B4E73F /* Frameworks */ = {
			isa = PBXGroup;
			children = (
				6FD81CF65654656D78674909 /* Pods_rainyshinycloudy.framework */,
				E36E06525CFDD52FF9480E39 /* Pods_rainyshinycloudyTests.framework */,
				95AA8D8BB197A70206971FAC /* Pods_rainyshinycloudyUITests.framework */,
			);
			name = Frameworks;
			sourceTree = "<group>";
		};
/* End PBXGroup section */

/* Begin PBXNativeTarget section */
		0C8EBFFD1FAF162900D8B6E3 /* rainyshinycloudy */ = {
			isa = PBXNativeTarget;
			buildConfigurationList = 0C8EC0261FAF162A00D8B6E3 /* Build configuration list for PBXNativeTarget "rainyshinycloudy" */;
			buildPhases = (
				F2D815A99FD501446943CF6A /* [CP] Check Pods Manifest.lock */,
				0C8EBFFA1FAF162900D8B6E3 /* Sources */,
				0C8EBFFB1FAF162900D8B6E3 /* Frameworks */,
				0C8EBFFC1FAF162900D8B6E3 /* Resources */,
				B356AEF0E9DF9572D14BFE6F /* [CP] Embed Pods Frameworks */,
				686489F77A1422C4385CE1AD /* [CP] Copy Pods Resources */,
			);
			buildRules = (
			);
			dependencies = (
			);
			name = rainyshinycloudy;
			productName = rainyshinycloudy;
			productReference = 0C8EBFFE1FAF162900D8B6E3 /* rainyshinycloudy.app */;
			productType = "com.apple.product-type.application";
		};
		0C8EC0111FAF162900D8B6E3 /* rainyshinycloudyTests */ = {
			isa = PBXNativeTarget;
			buildConfigurationList = 0C8EC0291FAF162A00D8B6E3 /* Build configuration list for PBXNativeTarget "rainyshinycloudyTests" */;
			buildPhases = (
				90575BDCECE7EB1329F52AF2 /* [CP] Check Pods Manifest.lock */,
				0C8EC00E1FAF162900D8B6E3 /* Sources */,
				0C8EC00F1FAF162900D8B6E3 /* Frameworks */,
				0C8EC0101FAF162900D8B6E3 /* Resources */,
				86DFF533ABECEC0F21ED49D3 /* [CP] Embed Pods Frameworks */,
				5F4B70FBECD4BBC1AFE5364E /* [CP] Copy Pods Resources */,
			);
			buildRules = (
			);
			dependencies = (
				0C8EC0141FAF162900D8B6E3 /* PBXTargetDependency */,
			);
			name = rainyshinycloudyTests;
			productName = rainyshinycloudyTests;
			productReference = 0C8EC0121FAF162900D8B6E3 /* rainyshinycloudyTests.xctest */;
			productType = "com.apple.product-type.bundle.unit-test";
		};
		0C8EC01C1FAF162900D8B6E3 /* rainyshinycloudyUITests */ = {
			isa = PBXNativeTarget;
			buildConfigurationList = 0C8EC02C1FAF162A00D8B6E3 /* Build configuration list for PBXNativeTarget "rainyshinycloudyUITests" */;
			buildPhases = (
				35D853E61ED80E195D739B9E /* [CP] Check Pods Manifest.lock */,
				0C8EC0191FAF162900D8B6E3 /* Sources */,
				0C8EC01A1FAF162900D8B6E3 /* Frameworks */,
				0C8EC01B1FAF162900D8B6E3 /* Resources */,
				D0C53AFA9074B87DD75FD649 /* [CP] Embed Pods Frameworks */,
				F5E5FABAFE13989E6101A8C0 /* [CP] Copy Pods Resources */,
			);
			buildRules = (
			);
			dependencies = (
				0C8EC01F1FAF162900D8B6E3 /* PBXTargetDependency */,
			);
			name = rainyshinycloudyUITests;
			productName = rainyshinycloudyUITests;
			productReference = 0C8EC01D1FAF162900D8B6E3 /* rainyshinycloudyUITests.xctest */;
			productType = "com.apple.product-type.bundle.ui-testing";
		};
/* End PBXNativeTarget section */

/* Begin PBXProject section */
		0C8EBFF61FAF162900D8B6E3 /* Project object */ = {
			isa = PBXProject;
			attributes = {
				LastSwiftUpdateCheck = 0830;
				LastUpgradeCheck = 0830;
				ORGANIZATIONNAME = AppsFromAlex;
				TargetAttributes = {
					0C8EBFFD1FAF162900D8B6E3 = {
						CreatedOnToolsVersion = 8.3.3;
						ProvisioningStyle = Automatic;
					};
					0C8EC0111FAF162900D8B6E3 = {
						CreatedOnToolsVersion = 8.3.3;
						ProvisioningStyle = Automatic;
						TestTargetID = 0C8EBFFD1FAF162900D8B6E3;
					};
					0C8EC01C1FAF162900D8B6E3 = {
						CreatedOnToolsVersion = 8.3.3;
						ProvisioningStyle = Automatic;
						TestTargetID = 0C8EBFFD1FAF162900D8B6E3;
					};
				};
			};
			buildConfigurationList = 0C8EBFF91FAF162900D8B6E3 /* Build configuration list for PBXProject "rainyshinycloudy" */;
			compatibilityVersion = "Xcode 3.2";
			developmentRegion = English;
			hasScannedForEncodings = 0;
			knownRegions = (
				en,
				Base,
			);
			mainGroup = 0C8EBFF51FAF162900D8B6E3;
			productRefGroup = 0C8EBFFF1FAF162900D8B6E3 /* Products */;
			projectDirPath = "";
			projectRoot = "";
			targets = (
				0C8EBFFD1FAF162900D8B6E3 /* rainyshinycloudy */,
				0C8EC0111FAF162900D8B6E3 /* rainyshinycloudyTests */,
				0C8EC01C1FAF162900D8B6E3 /* rainyshinycloudyUITests */,
			);
		};
/* End PBXProject section */

/* Begin PBXResourcesBuildPhase section */
		0C8EBFFC1FAF162900D8B6E3 /* Resources */ = {
			isa = PBXResourcesBuildPhase;
			buildActionMask = 2147483647;
			files = (
				0C8EC00C1FAF162900D8B6E3 /* LaunchScreen.storyboard in Resources */,
				0C8EC0091FAF162900D8B6E3 /* Assets.xcassets in Resources */,
				0C8EC0071FAF162900D8B6E3 /* Main.storyboard in Resources */,
			);
			runOnlyForDeploymentPostprocessing = 0;
		};
		0C8EC0101FAF162900D8B6E3 /* Resources */ = {
			isa = PBXResourcesBuildPhase;
			buildActionMask = 2147483647;
			files = (
			);
			runOnlyForDeploymentPostprocessing = 0;
		};
		0C8EC01B1FAF162900D8B6E3 /* Resources */ = {
			isa = PBXResourcesBuildPhase;
			buildActionMask = 2147483647;
			files = (
			);
			runOnlyForDeploymentPostprocessing = 0;
		};
/* End PBXResourcesBuildPhase section */

/* Begin PBXShellScriptBuildPhase section */
		35D853E61ED80E195D739B9E /* [CP] Check Pods Manifest.lock */ = {
			isa = PBXShellScriptBuildPhase;
			buildActionMask = 2147483647;
			files = (
			);
			inputPaths = (
				"${PODS_PODFILE_DIR_PATH}/Podfile.lock",
				"${PODS_ROOT}/Manifest.lock",
			);
			name = "[CP] Check Pods Manifest.lock";
			outputPaths = (
				"$(DERIVED_FILE_DIR)/Pods-rainyshinycloudyUITests-checkManifestLockResult.txt",
			);
			runOnlyForDeploymentPostprocessing = 0;
			shellPath = /bin/sh;
			shellScript = "diff \"${PODS_PODFILE_DIR_PATH}/Podfile.lock\" \"${PODS_ROOT}/Manifest.lock\" > /dev/null\nif [ $? != 0 ] ; then\n    # print error to STDERR\n    echo \"error: The sandbox is not in sync with the Podfile.lock. Run 'pod install' or update your CocoaPods installation.\" >&2\n    exit 1\nfi\n# This output is used by Xcode 'outputs' to avoid re-running this script phase.\necho \"SUCCESS\" > \"${SCRIPT_OUTPUT_FILE_0}\"\n";
			showEnvVarsInLog = 0;
		};
		5F4B70FBECD4BBC1AFE5364E /* [CP] Copy Pods Resources */ = {
			isa = PBXShellScriptBuildPhase;
			buildActionMask = 2147483647;
			files = (
			);
			inputPaths = (
			);
			name = "[CP] Copy Pods Resources";
			outputPaths = (
			);
			runOnlyForDeploymentPostprocessing = 0;
			shellPath = /bin/sh;
			shellScript = "\"${SRCROOT}/Pods/Target Support Files/Pods-rainyshinycloudyTests/Pods-rainyshinycloudyTests-resources.sh\"\n";
			showEnvVarsInLog = 0;
		};
		686489F77A1422C4385CE1AD /* [CP] Copy Pods Resources */ = {
			isa = PBXShellScriptBuildPhase;
			buildActionMask = 2147483647;
			files = (
			);
			inputPaths = (
			);
			name = "[CP] Copy Pods Resources";
			outputPaths = (
			);
			runOnlyForDeploymentPostprocessing = 0;
			shellPath = /bin/sh;
			shellScript = "\"${SRCROOT}/Pods/Target Support Files/Pods-rainyshinycloudy/Pods-rainyshinycloudy-resources.sh\"\n";
			showEnvVarsInLog = 0;
		};
		86DFF533ABECEC0F21ED49D3 /* [CP] Embed Pods Frameworks */ = {
			isa = PBXShellScriptBuildPhase;
			buildActionMask = 2147483647;
			files = (
			);
			inputPaths = (
			);
			name = "[CP] Embed Pods Frameworks";
			outputPaths = (
			);
			runOnlyForDeploymentPostprocessing = 0;
			shellPath = /bin/sh;
			shellScript = "\"${SRCROOT}/Pods/Target Support Files/Pods-rainyshinycloudyTests/Pods-rainyshinycloudyTests-frameworks.sh\"\n";
			showEnvVarsInLog = 0;
		};
		90575BDCECE7EB1329F52AF2 /* [CP] Check Pods Manifest.lock */ = {
			isa = PBXShellScriptBuildPhase;
			buildActionMask = 2147483647;
			files = (
			);
			inputPaths = (
				"${PODS_PODFILE_DIR_PATH}/Podfile.lock",
				"${PODS_ROOT}/Manifest.lock",
			);
			name = "[CP] Check Pods Manifest.lock";
			outputPaths = (
				"$(DERIVED_FILE_DIR)/Pods-rainyshinycloudyTests-checkManifestLockResult.txt",
			);
			runOnlyForDeploymentPostprocessing = 0;
			shellPath = /bin/sh;
			shellScript = "diff \"${PODS_PODFILE_DIR_PATH}/Podfile.lock\" \"${PODS_ROOT}/Manifest.lock\" > /dev/null\nif [ $? != 0 ] ; then\n    # print error to STDERR\n    echo \"error: The sandbox is not in sync with the Podfile.lock. Run 'pod install' or update your CocoaPods installation.\" >&2\n    exit 1\nfi\n# This output is used by Xcode 'outputs' to avoid re-running this script phase.\necho \"SUCCESS\" > \"${SCRIPT_OUTPUT_FILE_0}\"\n";
			showEnvVarsInLog = 0;
		};
		B356AEF0E9DF9572D14BFE6F /* [CP] Embed Pods Frameworks */ = {
			isa = PBXShellScriptBuildPhase;
			buildActionMask = 2147483647;
			files = (
			);
			inputPaths = (
				"${SRCROOT}/Pods/Target Support Files/Pods-rainyshinycloudy/Pods-rainyshinycloudy-frameworks.sh",
				"${BUILT_PRODUCTS_DIR}/Alamofire/Alamofire.framework",
			);
			name = "[CP] Embed Pods Frameworks";
			outputPaths = (
				"${TARGET_BUILD_DIR}/${FRAMEWORKS_FOLDER_PATH}/Alamofire.framework",
			);
			runOnlyForDeploymentPostprocessing = 0;
			shellPath = /bin/sh;
			shellScript = "\"${SRCROOT}/Pods/Target Support Files/Pods-rainyshinycloudy/Pods-rainyshinycloudy-frameworks.sh\"\n";
			showEnvVarsInLog = 0;
		};
		D0C53AFA9074B87DD75FD649 /* [CP] Embed Pods Frameworks */ = {
			isa = PBXShellScriptBuildPhase;
			buildActionMask = 2147483647;
			files = (
			);
			inputPaths = (
			);
			name = "[CP] Embed Pods Frameworks";
			outputPaths = (
			);
			runOnlyForDeploymentPostprocessing = 0;
			shellPath = /bin/sh;
			shellScript = "\"${SRCROOT}/Pods/Target Support Files/Pods-rainyshinycloudyUITests/Pods-rainyshinycloudyUITests-frameworks.sh\"\n";
			showEnvVarsInLog = 0;
		};
		F2D815A99FD501446943CF6A /* [CP] Check Pods Manifest.lock */ = {
			isa = PBXShellScriptBuildPhase;
			buildActionMask = 2147483647;
			files = (
			);
			inputPaths = (
				"${PODS_PODFILE_DIR_PATH}/Podfile.lock",
				"${PODS_ROOT}/Manifest.lock",
			);
			name = "[CP] Check Pods Manifest.lock";
			outputPaths = (
				"$(DERIVED_FILE_DIR)/Pods-rainyshinycloudy-checkManifestLockResult.txt",
			);
			runOnlyForDeploymentPostprocessing = 0;
			shellPath = /bin/sh;
			shellScript = "diff \"${PODS_PODFILE_DIR_PATH}/Podfile.lock\" \"${PODS_ROOT}/Manifest.lock\" > /dev/null\nif [ $? != 0 ] ; then\n    # print error to STDERR\n    echo \"error: The sandbox is not in sync with the Podfile.lock. Run 'pod install' or update your CocoaPods installation.\" >&2\n    exit 1\nfi\n# This output is used by Xcode 'outputs' to avoid re-running this script phase.\necho \"SUCCESS\" > \"${SCRIPT_OUTPUT_FILE_0}\"\n";
			showEnvVarsInLog = 0;
		};
		F5E5FABAFE13989E6101A8C0 /* [CP] Copy Pods Resources */ = {
			isa = PBXShellScriptBuildPhase;
			buildActionMask = 2147483647;
			files = (
			);
			inputPaths = (
			);
			name = "[CP] Copy Pods Resources";
			outputPaths = (
			);
			runOnlyForDeploymentPostprocessing = 0;
			shellPath = /bin/sh;
			shellScript = "\"${SRCROOT}/Pods/Target Support Files/Pods-rainyshinycloudyUITests/Pods-rainyshinycloudyUITests-resources.sh\"\n";
			showEnvVarsInLog = 0;
		};
/* End PBXShellScriptBuildPhase section */

/* Begin PBXSourcesBuildPhase section */
		0C8EBFFA1FAF162900D8B6E3 /* Sources */ = {
			isa = PBXSourcesBuildPhase;
			buildActionMask = 2147483647;
			files = (
				0C8EC0041FAF162900D8B6E3 /* WeatherVC.swift in Sources */,
				0C8EC0021FAF162900D8B6E3 /* AppDelegate.swift in Sources */,
				17576BB61FCC1DE300B151CA /* CurrentWeather.swift in Sources */,
				17576BB41FCC133E00B151CA /* Constants.swift in Sources */,
				178981101FD500D5004FF26E /* Forecast.swift in Sources */,
			);
			runOnlyForDeploymentPostprocessing = 0;
		};
		0C8EC00E1FAF162900D8B6E3 /* Sources */ = {
			isa = PBXSourcesBuildPhase;
			buildActionMask = 2147483647;
			files = (
				0C8EC0171FAF162900D8B6E3 /* rainyshinycloudyTests.swift in Sources */,
			);
			runOnlyForDeploymentPostprocessing = 0;
		};
		0C8EC0191FAF162900D8B6E3 /* Sources */ = {
			isa = PBXSourcesBuildPhase;
			buildActionMask = 2147483647;
			files = (
				0C8EC0221FAF162A00D8B6E3 /* rainyshinycloudyUITests.swift in Sources */,
			);
			runOnlyForDeploymentPostprocessing = 0;
		};
/* End PBXSourcesBuildPhase section */

/* Begin PBXTargetDependency section */
		0C8EC0141FAF162900D8B6E3 /* PBXTargetDependency */ = {
			isa = PBXTargetDependency;
			target = 0C8EBFFD1FAF162900D8B6E3 /* rainyshinycloudy */;
			targetProxy = 0C8EC0131FAF162900D8B6E3 /* PBXContainerItemProxy */;
		};
		0C8EC01F1FAF162900D8B6E3 /* PBXTargetDependency */ = {
			isa = PBXTargetDependency;
			target = 0C8EBFFD1FAF162900D8B6E3 /* rainyshinycloudy */;
			targetProxy = 0C8EC01E1FAF162900D8B6E3 /* PBXContainerItemProxy */;
		};
/* End PBXTargetDependency section */

/* Begin PBXVariantGroup section */
		0C8EC0051FAF162900D8B6E3 /* Main.storyboard */ = {
			isa = PBXVariantGroup;
			children = (
				0C8EC0061FAF162900D8B6E3 /* Base */,
			);
			name = Main.storyboard;
			sourceTree = "<group>";
		};
		0C8EC00A1FAF162900D8B6E3 /* LaunchScreen.storyboard */ = {
			isa = PBXVariantGroup;
			children = (
				0C8EC00B1FAF162900D8B6E3 /* Base */,
			);
			name = LaunchScreen.storyboard;
			sourceTree = "<group>";
		};
/* End PBXVariantGroup section */

/* Begin XCBuildConfiguration section */
		0C8EC0241FAF162A00D8B6E3 /* Debug */ = {
			isa = XCBuildConfiguration;
			buildSettings = {
				ALWAYS_SEARCH_USER_PATHS = NO;
				CLANG_ANALYZER_NONNULL = YES;
				CLANG_ANALYZER_NUMBER_OBJECT_CONVERSION = YES_AGGRESSIVE;
				CLANG_CXX_LANGUAGE_STANDARD = "gnu++0x";
				CLANG_CXX_LIBRARY = "libc++";
				CLANG_ENABLE_MODULES = YES;
				CLANG_ENABLE_OBJC_ARC = YES;
				CLANG_WARN_BOOL_CONVERSION = YES;
				CLANG_WARN_CONSTANT_CONVERSION = YES;
				CLANG_WARN_DIRECT_OBJC_ISA_USAGE = YES_ERROR;
				CLANG_WARN_DOCUMENTATION_COMMENTS = YES;
				CLANG_WARN_EMPTY_BODY = YES;
				CLANG_WARN_ENUM_CONVERSION = YES;
				CLANG_WARN_INFINITE_RECURSION = YES;
				CLANG_WARN_INT_CONVERSION = YES;
				CLANG_WARN_OBJC_ROOT_CLASS = YES_ERROR;
				CLANG_WARN_SUSPICIOUS_MOVE = YES;
				CLANG_WARN_UNREACHABLE_CODE = YES;
				CLANG_WARN__DUPLICATE_METHOD_MATCH = YES;
				"CODE_SIGN_IDENTITY[sdk=iphoneos*]" = "iPhone Developer";
				COPY_PHASE_STRIP = NO;
				DEBUG_INFORMATION_FORMAT = dwarf;
				ENABLE_STRICT_OBJC_MSGSEND = YES;
				ENABLE_TESTABILITY = YES;
				GCC_C_LANGUAGE_STANDARD = gnu99;
				GCC_DYNAMIC_NO_PIC = NO;
				GCC_NO_COMMON_BLOCKS = YES;
				GCC_OPTIMIZATION_LEVEL = 0;
				GCC_PREPROCESSOR_DEFINITIONS = (
					"DEBUG=1",
					"$(inherited)",
				);
				GCC_WARN_64_TO_32_BIT_CONVERSION = YES;
				GCC_WARN_ABOUT_RETURN_TYPE = YES_ERROR;
				GCC_WARN_UNDECLARED_SELECTOR = YES;
				GCC_WARN_UNINITIALIZED_AUTOS = YES_AGGRESSIVE;
				GCC_WARN_UNUSED_FUNCTION = YES;
				GCC_WARN_UNUSED_VARIABLE = YES;
				IPHONEOS_DEPLOYMENT_TARGET = 10.3;
				MTL_ENABLE_DEBUG_INFO = YES;
				ONLY_ACTIVE_ARCH = YES;
				SDKROOT = iphoneos;
				SWIFT_ACTIVE_COMPILATION_CONDITIONS = DEBUG;
				SWIFT_OPTIMIZATION_LEVEL = "-Onone";
				TARGETED_DEVICE_FAMILY = "1,2";
			};
			name = Debug;
		};
		0C8EC0251FAF162A00D8B6E3 /* Release */ = {
			isa = XCBuildConfiguration;
			buildSettings = {
				ALWAYS_SEARCH_USER_PATHS = NO;
				CLANG_ANALYZER_NONNULL = YES;
				CLANG_ANALYZER_NUMBER_OBJECT_CONVERSION = YES_AGGRESSIVE;
				CLANG_CXX_LANGUAGE_STANDARD = "gnu++0x";
				CLANG_CXX_LIBRARY = "libc++";
				CLANG_ENABLE_MODULES = YES;
				CLANG_ENABLE_OBJC_ARC = YES;
				CLANG_WARN_BOOL_CONVERSION = YES;
				CLANG_WARN_CONSTANT_CONVERSION = YES;
				CLANG_WARN_DIRECT_OBJC_ISA_USAGE = YES_ERROR;
				CLANG_WARN_DOCUMENTATION_COMMENTS = YES;
				CLANG_WARN_EMPTY_BODY = YES;
				CLANG_WARN_ENUM_CONVERSION = YES;
				CLANG_WARN_INFINITE_RECURSION = YES;
				CLANG_WARN_INT_CONVERSION = YES;
				CLANG_WARN_OBJC_ROOT_CLASS = YES_ERROR;
				CLANG_WARN_SUSPICIOUS_MOVE = YES;
				CLANG_WARN_UNREACHABLE_CODE = YES;
				CLANG_WARN__DUPLICATE_METHOD_MATCH = YES;
				"CODE_SIGN_IDENTITY[sdk=iphoneos*]" = "iPhone Developer";
				COPY_PHASE_STRIP = NO;
				DEBUG_INFORMATION_FORMAT = "dwarf-with-dsym";
				ENABLE_NS_ASSERTIONS = NO;
				ENABLE_STRICT_OBJC_MSGSEND = YES;
				GCC_C_LANGUAGE_STANDARD = gnu99;
				GCC_NO_COMMON_BLOCKS = YES;
				GCC_WARN_64_TO_32_BIT_CONVERSION = YES;
				GCC_WARN_ABOUT_RETURN_TYPE = YES_ERROR;
				GCC_WARN_UNDECLARED_SELECTOR = YES;
				GCC_WARN_UNINITIALIZED_AUTOS = YES_AGGRESSIVE;
				GCC_WARN_UNUSED_FUNCTION = YES;
				GCC_WARN_UNUSED_VARIABLE = YES;
				IPHONEOS_DEPLOYMENT_TARGET = 10.3;
				MTL_ENABLE_DEBUG_INFO = NO;
				SDKROOT = iphoneos;
				SWIFT_OPTIMIZATION_LEVEL = "-Owholemodule";
				TARGETED_DEVICE_FAMILY = "1,2";
				VALIDATE_PRODUCT = YES;
			};
			name = Release;
		};
		0C8EC0271FAF162A00D8B6E3 /* Debug */ = {
			isa = XCBuildConfiguration;
			baseConfigurationReference = 34B34438E0DCAEC4DBB37991 /* Pods-rainyshinycloudy.debug.xcconfig */;
			buildSettings = {
				ASSETCATALOG_COMPILER_APPICON_NAME = AppIcon;
				INFOPLIST_FILE = rainyshinycloudy/Info.plist;
				IPHONEOS_DEPLOYMENT_TARGET = 10.0;
				LD_RUNPATH_SEARCH_PATHS = "$(inherited) @executable_path/Frameworks";
				PRODUCT_BUNDLE_IDENTIFIER = com.AppsFromAlex.rainyshinycloudy;
				PRODUCT_NAME = "$(TARGET_NAME)";
				SWIFT_VERSION = 3.0;
				TARGETED_DEVICE_FAMILY = 1;
			};
			name = Debug;
		};
		0C8EC0281FAF162A00D8B6E3 /* Release */ = {
			isa = XCBuildConfiguration;
			baseConfigurationReference = FAD22A3832B1310BF9B4FF91 /* Pods-rainyshinycloudy.release.xcconfig */;
			buildSettings = {
				ASSETCATALOG_COMPILER_APPICON_NAME = AppIcon;
				INFOPLIST_FILE = rainyshinycloudy/Info.plist;
				IPHONEOS_DEPLOYMENT_TARGET = 10.0;
				LD_RUNPATH_SEARCH_PATHS = "$(inherited) @executable_path/Frameworks";
				PRODUCT_BUNDLE_IDENTIFIER = com.AppsFromAlex.rainyshinycloudy;
				PRODUCT_NAME = "$(TARGET_NAME)";
				SWIFT_VERSION = 3.0;
				TARGETED_DEVICE_FAMILY = 1;
			};
			name = Release;
		};
		0C8EC02A1FAF162A00D8B6E3 /* Debug */ = {
			isa = XCBuildConfiguration;
			baseConfigurationReference = 1B7CA63EC46DD8FFE00E89F5 /* Pods-rainyshinycloudyTests.debug.xcconfig */;
			buildSettings = {
				ALWAYS_EMBED_SWIFT_STANDARD_LIBRARIES = YES;
				BUNDLE_LOADER = "$(TEST_HOST)";
				INFOPLIST_FILE = rainyshinycloudyTests/Info.plist;
				LD_RUNPATH_SEARCH_PATHS = "$(inherited) @executable_path/Frameworks @loader_path/Frameworks";
				PRODUCT_BUNDLE_IDENTIFIER = com.AppsFromAlex.rainyshinycloudyTests;
				PRODUCT_NAME = "$(TARGET_NAME)";
				SWIFT_VERSION = 3.0;
				TEST_HOST = "$(BUILT_PRODUCTS_DIR)/rainyshinycloudy.app/rainyshinycloudy";
			};
			name = Debug;
		};
		0C8EC02B1FAF162A00D8B6E3 /* Release */ = {
			isa = XCBuildConfiguration;
			baseConfigurationReference = D198601EA31247E2CD531FAC /* Pods-rainyshinycloudyTests.release.xcconfig */;
			buildSettings = {
				ALWAYS_EMBED_SWIFT_STANDARD_LIBRARIES = YES;
				BUNDLE_LOADER = "$(TEST_HOST)";
				INFOPLIST_FILE = rainyshinycloudyTests/Info.plist;
				LD_RUNPATH_SEARCH_PATHS = "$(inherited) @executable_path/Frameworks @loader_path/Frameworks";
				PRODUCT_BUNDLE_IDENTIFIER = com.AppsFromAlex.rainyshinycloudyTests;
				PRODUCT_NAME = "$(TARGET_NAME)";
				SWIFT_VERSION = 3.0;
				TEST_HOST = "$(BUILT_PRODUCTS_DIR)/rainyshinycloudy.app/rainyshinycloudy";
			};
			name = Release;
		};
		0C8EC02D1FAF162A00D8B6E3 /* Debug */ = {
			isa = XCBuildConfiguration;
			baseConfigurationReference = D0E27C3D51E8863C840D28C1 /* Pods-rainyshinycloudyUITests.debug.xcconfig */;
			buildSettings = {
				ALWAYS_EMBED_SWIFT_STANDARD_LIBRARIES = YES;
				INFOPLIST_FILE = rainyshinycloudyUITests/Info.plist;
				LD_RUNPATH_SEARCH_PATHS = "$(inherited) @executable_path/Frameworks @loader_path/Frameworks";
				PRODUCT_BUNDLE_IDENTIFIER = com.AppsFromAlex.rainyshinycloudyUITests;
				PRODUCT_NAME = "$(TARGET_NAME)";
				SWIFT_VERSION = 3.0;
				TEST_TARGET_NAME = rainyshinycloudy;
			};
			name = Debug;
		};
		0C8EC02E1FAF162A00D8B6E3 /* Release */ = {
			isa = XCBuildConfiguration;
			baseConfigurationReference = F659FD1675898F0CFD330772 /* Pods-rainyshinycloudyUITests.release.xcconfig */;
			buildSettings = {
				ALWAYS_EMBED_SWIFT_STANDARD_LIBRARIES = YES;
				INFOPLIST_FILE = rainyshinycloudyUITests/Info.plist;
				LD_RUNPATH_SEARCH_PATHS = "$(inherited) @executable_path/Frameworks @loader_path/Frameworks";
				PRODUCT_BUNDLE_IDENTIFIER = com.AppsFromAlex.rainyshinycloudyUITests;
				PRODUCT_NAME = "$(TARGET_NAME)";
				SWIFT_VERSION = 3.0;
				TEST_TARGET_NAME = rainyshinycloudy;
			};
			name = Release;
		};
/* End XCBuildConfiguration section */

/* Begin XCConfigurationList section */
		0C8EBFF91FAF162900D8B6E3 /* Build configuration list for PBXProject "rainyshinycloudy" */ = {
			isa = XCConfigurationList;
			buildConfigurations = (
				0C8EC0241FAF162A00D8B6E3 /* Debug */,
				0C8EC0251FAF162A00D8B6E3 /* Release */,
			);
			defaultConfigurationIsVisible = 0;
			defaultConfigurationName = Release;
		};
		0C8EC0261FAF162A00D8B6E3 /* Build configuration list for PBXNativeTarget "rainyshinycloudy" */ = {
			isa = XCConfigurationList;
			buildConfigurations = (
				0C8EC0271FAF162A00D8B6E3 /* Debug */,
				0C8EC0281FAF162A00D8B6E3 /* Release */,
			);
			defaultConfigurationIsVisible = 0;
			defaultConfigurationName = Release;
		};
		0C8EC0291FAF162A00D8B6E3 /* Build configuration list for PBXNativeTarget "rainyshinycloudyTests" */ = {
			isa = XCConfigurationList;
			buildConfigurations = (
				0C8EC02A1FAF162A00D8B6E3 /* Debug */,
				0C8EC02B1FAF162A00D8B6E3 /* Release */,
			);
			defaultConfigurationIsVisible = 0;
			defaultConfigurationName = Release;
		};
		0C8EC02C1FAF162A00D8B6E3 /* Build configuration list for PBXNativeTarget "rainyshinycloudyUITests" */ = {
			isa = XCConfigurationList;
			buildConfigurations = (
				0C8EC02D1FAF162A00D8B6E3 /* Debug */,
				0C8EC02E1FAF162A00D8B6E3 /* Release */,
			);
			defaultConfigurationIsVisible = 0;
			defaultConfigurationName = Release;
		};
/* End XCConfigurationList section */
	};
	rootObject = 0C8EBFF61FAF162900D8B6E3 /* Project object */;
}
